
Microsoft Visual Studio Solution File, Format Version 12.00
# Visual Studio 15
VisualStudioVersion = 15.0.28307.902
MinimumVisualStudioVersion = 10.0.40219.1
Project("{FAE04EC0-301F-11D3-BF4B-00C04F79EFBC}") = "PizzaWebsite", "PizzaWebsite\PizzaWebsite.csproj", "{C4A213D1-E614-4F78-AE51-89F200837C9C}"
EndProject
Global
	GlobalSection(SolutionConfigurationPlatforms) = preSolution
		Debug|Any CPU = Debug|Any CPU
		Release|Any CPU = Release|Any CPU
	EndGlobalSection
	GlobalSection(ProjectConfigurationPlatforms) = postSolution
		{C4A213D1-E614-4F78-AE51-89F200837C9C}.Debug|Any CPU.ActiveCfg = Debug|Any CPU
		{C4A213D1-E614-4F78-AE51-89F200837C9C}.Debug|Any CPU.Build.0 = Debug|Any CPU
		{C4A213D1-E614-4F78-AE51-89F200837C9C}.Release|Any CPU.ActiveCfg = Release|Any CPU
		{C4A213D1-E614-4F78-AE51-89F200837C9C}.Release|Any CPU.Build.0 = Release|Any CPU
	EndGlobalSection
	GlobalSection(SolutionProperties) = preSolution
		HideSolutionNode = FALSE
	EndGlobalSection
	GlobalSection(ExtensibilityGlobals) = postSolution
		SolutionGuid = {45C457BD-054A-4492-B468-36F0954DC09E}
	EndGlobalSection
EndGlobal
